// !$*UTF8*$!
{
	archiveVersion = 1;
	classes = {
	};
	objectVersion = 50;
	objects = {

/* Begin PBXBuildFile section */
		9220B6DD23B5D6F500578465 /* PostsViewModel.swift in Sources */ = {isa = PBXBuildFile; fileRef = 92F4120923B4C17100069FF0 /* PostsViewModel.swift */; };
		9220B6DE23B5D6F800578465 /* PostsViewController.swift in Sources */ = {isa = PBXBuildFile; fileRef = 929319A323B4CB5100DFBD27 /* PostsViewController.swift */; };
		9220B6DF23B5D6FD00578465 /* PostDetailViewModel.swift in Sources */ = {isa = PBXBuildFile; fileRef = 923CFF9023B5AE270015C63B /* PostDetailViewModel.swift */; };
		9220B6E023B5D6FD00578465 /* PostDetailViewController.swift in Sources */ = {isa = PBXBuildFile; fileRef = 923CFF8E23B5ADB10015C63B /* PostDetailViewController.swift */; };
		9220B6E123B5D70300578465 /* Main.storyboard in Resources */ = {isa = PBXBuildFile; fileRef = 92F411D923B4BA1F00069FF0 /* Main.storyboard */; };
		9273F54323C08484005059EF /* ShowPostsUseCaseImpl.swift in Sources */ = {isa = PBXBuildFile; fileRef = 9273F54223C08484005059EF /* ShowPostsUseCaseImpl.swift */; };
		9273F54523C084B7005059EF /* ShowPostUseCaseImpl.swift in Sources */ = {isa = PBXBuildFile; fileRef = 9273F54423C084B7005059EF /* ShowPostUseCaseImpl.swift */; };
		9273F54723C084CA005059EF /* ShowCommentsUseCaseImpl.swift in Sources */ = {isa = PBXBuildFile; fileRef = 9273F54623C084CA005059EF /* ShowCommentsUseCaseImpl.swift */; };
		927D65EF23B90770005C939F /* CleanarchUIComponents.framework in Frameworks */ = {isa = PBXBuildFile; fileRef = 927D65EE23B90770005C939F /* CleanarchUIComponents.framework */; };
		927D65F023B90770005C939F /* CleanarchUIComponents.framework in Embed Frameworks */ = {isa = PBXBuildFile; fileRef = 927D65EE23B90770005C939F /* CleanarchUIComponents.framework */; settings = {ATTRIBUTES = (CodeSignOnCopy, RemoveHeadersOnCopy, ); }; };
		92B925EB23B8CF1C006B27DF /* Comment.swift in Sources */ = {isa = PBXBuildFile; fileRef = 92B925EA23B8CF1C006B27DF /* Comment.swift */; };
		92B925ED23B8CF83006B27DF /* ShowCommentsUseCase.swift in Sources */ = {isa = PBXBuildFile; fileRef = 92B925EC23B8CF83006B27DF /* ShowCommentsUseCase.swift */; };
		92B925EF23B8D0CE006B27DF /* CommentRepository.swift in Sources */ = {isa = PBXBuildFile; fileRef = 92B925EE23B8D0CE006B27DF /* CommentRepository.swift */; };
		92B925F123B8D19F006B27DF /* CommentService.swift in Sources */ = {isa = PBXBuildFile; fileRef = 92B925F023B8D19F006B27DF /* CommentService.swift */; };
		92BFE45723B5F07E00ACDF38 /* JSON.swift in Sources */ = {isa = PBXBuildFile; fileRef = 92BFE45623B5F07E00ACDF38 /* JSON.swift */; };
		92F18D0323B4C613005893C7 /* PostRepository.swift in Sources */ = {isa = PBXBuildFile; fileRef = 92F18D0223B4C613005893C7 /* PostRepository.swift */; };
		92F411D423B4BA1F00069FF0 /* AppDelegate.swift in Sources */ = {isa = PBXBuildFile; fileRef = 92F411D323B4BA1F00069FF0 /* AppDelegate.swift */; };
		92F411D623B4BA1F00069FF0 /* SceneDelegate.swift in Sources */ = {isa = PBXBuildFile; fileRef = 92F411D523B4BA1F00069FF0 /* SceneDelegate.swift */; };
		92F411DD23B4BA1F00069FF0 /* Assets.xcassets in Resources */ = {isa = PBXBuildFile; fileRef = 92F411DC23B4BA1F00069FF0 /* Assets.xcassets */; };
		92F411E023B4BA1F00069FF0 /* LaunchScreen.storyboard in Resources */ = {isa = PBXBuildFile; fileRef = 92F411DE23B4BA1F00069FF0 /* LaunchScreen.storyboard */; };
		92F411EB23B4BA2000069FF0 /* CleanarchTests.swift in Sources */ = {isa = PBXBuildFile; fileRef = 92F411EA23B4BA2000069FF0 /* CleanarchTests.swift */; };
		92F411F723B4BB8D00069FF0 /* Post.swift in Sources */ = {isa = PBXBuildFile; fileRef = 92F411F623B4BB8D00069FF0 /* Post.swift */; };
		92F411FD23B4BC2700069FF0 /* ShowPostsUseCase.swift in Sources */ = {isa = PBXBuildFile; fileRef = 92F411FC23B4BC2700069FF0 /* ShowPostsUseCase.swift */; };
		92F4120023B4BDFD00069FF0 /* PostService.swift in Sources */ = {isa = PBXBuildFile; fileRef = 92F411FF23B4BDFD00069FF0 /* PostService.swift */; };
		92F4120323B4C00600069FF0 /* Observable.swift in Sources */ = {isa = PBXBuildFile; fileRef = 92F4120223B4C00600069FF0 /* Observable.swift */; };
		92F4120723B4C06E00069FF0 /* ShowPostUseCase.swift in Sources */ = {isa = PBXBuildFile; fileRef = 92F4120623B4C06E00069FF0 /* ShowPostUseCase.swift */; };
/* End PBXBuildFile section */

/* Begin PBXContainerItemProxy section */
		927D65E923B9075C005C939F /* PBXContainerItemProxy */ = {
			isa = PBXContainerItemProxy;
			containerPortal = 927D65E423B9075C005C939F /* CleanarchUIComponents.xcodeproj */;
			proxyType = 2;
			remoteGlobalIDString = 927D65C523B90738005C939F;
			remoteInfo = CleanarchUIComponents;
		};
		927D65EB23B9075C005C939F /* PBXContainerItemProxy */ = {
			isa = PBXContainerItemProxy;
			containerPortal = 927D65E423B9075C005C939F /* CleanarchUIComponents.xcodeproj */;
			proxyType = 2;
			remoteGlobalIDString = 927D65CE23B90738005C939F;
			remoteInfo = CleanarchUIComponentsTests;
		};
		92F411E723B4BA2000069FF0 /* PBXContainerItemProxy */ = {
			isa = PBXContainerItemProxy;
			containerPortal = 92F411C823B4BA1F00069FF0 /* Project object */;
			proxyType = 1;
			remoteGlobalIDString = 92F411CF23B4BA1F00069FF0;
			remoteInfo = Cleanarch;
		};
/* End PBXContainerItemProxy section */

/* Begin PBXCopyFilesBuildPhase section */
		927D65F123B90770005C939F /* Embed Frameworks */ = {
			isa = PBXCopyFilesBuildPhase;
			buildActionMask = 2147483647;
			dstPath = "";
			dstSubfolderSpec = 10;
			files = (
				927D65F023B90770005C939F /* CleanarchUIComponents.framework in Embed Frameworks */,
			);
			name = "Embed Frameworks";
			runOnlyForDeploymentPostprocessing = 0;
		};
/* End PBXCopyFilesBuildPhase section */

/* Begin PBXFileReference section */
		923CFF8E23B5ADB10015C63B /* PostDetailViewController.swift */ = {isa = PBXFileReference; lastKnownFileType = sourcecode.swift; path = PostDetailViewController.swift; sourceTree = "<group>"; };
		923CFF9023B5AE270015C63B /* PostDetailViewModel.swift */ = {isa = PBXFileReference; lastKnownFileType = sourcecode.swift; path = PostDetailViewModel.swift; sourceTree = "<group>"; };
		9273F54223C08484005059EF /* ShowPostsUseCaseImpl.swift */ = {isa = PBXFileReference; lastKnownFileType = sourcecode.swift; path = ShowPostsUseCaseImpl.swift; sourceTree = "<group>"; };
		9273F54423C084B7005059EF /* ShowPostUseCaseImpl.swift */ = {isa = PBXFileReference; lastKnownFileType = sourcecode.swift; path = ShowPostUseCaseImpl.swift; sourceTree = "<group>"; };
		9273F54623C084CA005059EF /* ShowCommentsUseCaseImpl.swift */ = {isa = PBXFileReference; lastKnownFileType = sourcecode.swift; path = ShowCommentsUseCaseImpl.swift; sourceTree = "<group>"; };
		927D65E423B9075C005C939F /* CleanarchUIComponents.xcodeproj */ = {isa = PBXFileReference; lastKnownFileType = "wrapper.pb-project"; name = CleanarchUIComponents.xcodeproj; path = ../CleanarchUIComponents/CleanarchUIComponents.xcodeproj; sourceTree = "<group>"; };
		927D65EE23B90770005C939F /* CleanarchUIComponents.framework */ = {isa = PBXFileReference; lastKnownFileType = wrapper.framework; name = CleanarchUIComponents.framework; path = "../../../../Library/Developer/Xcode/DerivedData/CleanarchUIComponents-fvomfypcdcyfwygiqicjmusuyhpe/Build/Products/Debug-iphonesimulator/CleanarchUIComponents.framework"; sourceTree = "<group>"; };
		929319A323B4CB5100DFBD27 /* PostsViewController.swift */ = {isa = PBXFileReference; lastKnownFileType = sourcecode.swift; path = PostsViewController.swift; sourceTree = "<group>"; };
		92B925EA23B8CF1C006B27DF /* Comment.swift */ = {isa = PBXFileReference; lastKnownFileType = sourcecode.swift; path = Comment.swift; sourceTree = "<group>"; };
		92B925EC23B8CF83006B27DF /* ShowCommentsUseCase.swift */ = {isa = PBXFileReference; lastKnownFileType = sourcecode.swift; path = ShowCommentsUseCase.swift; sourceTree = "<group>"; };
		92B925EE23B8D0CE006B27DF /* CommentRepository.swift */ = {isa = PBXFileReference; lastKnownFileType = sourcecode.swift; path = CommentRepository.swift; sourceTree = "<group>"; };
		92B925F023B8D19F006B27DF /* CommentService.swift */ = {isa = PBXFileReference; lastKnownFileType = sourcecode.swift; path = CommentService.swift; sourceTree = "<group>"; };
		92BFE45623B5F07E00ACDF38 /* JSON.swift */ = {isa = PBXFileReference; lastKnownFileType = sourcecode.swift; path = JSON.swift; sourceTree = "<group>"; };
		92F18D0223B4C613005893C7 /* PostRepository.swift */ = {isa = PBXFileReference; lastKnownFileType = sourcecode.swift; path = PostRepository.swift; sourceTree = "<group>"; };
		92F411D023B4BA1F00069FF0 /* Cleanarch.app */ = {isa = PBXFileReference; explicitFileType = wrapper.application; includeInIndex = 0; path = Cleanarch.app; sourceTree = BUILT_PRODUCTS_DIR; };
		92F411D323B4BA1F00069FF0 /* AppDelegate.swift */ = {isa = PBXFileReference; lastKnownFileType = sourcecode.swift; path = AppDelegate.swift; sourceTree = "<group>"; };
		92F411D523B4BA1F00069FF0 /* SceneDelegate.swift */ = {isa = PBXFileReference; lastKnownFileType = sourcecode.swift; path = SceneDelegate.swift; sourceTree = "<group>"; };
		92F411DA23B4BA1F00069FF0 /* Base */ = {isa = PBXFileReference; lastKnownFileType = file.storyboard; name = Base; path = Base.lproj/Main.storyboard; sourceTree = "<group>"; };
		92F411DC23B4BA1F00069FF0 /* Assets.xcassets */ = {isa = PBXFileReference; lastKnownFileType = folder.assetcatalog; path = Assets.xcassets; sourceTree = "<group>"; };
		92F411DF23B4BA1F00069FF0 /* Base */ = {isa = PBXFileReference; lastKnownFileType = file.storyboard; name = Base; path = Base.lproj/LaunchScreen.storyboard; sourceTree = "<group>"; };
		92F411E123B4BA1F00069FF0 /* Info.plist */ = {isa = PBXFileReference; lastKnownFileType = text.plist.xml; path = Info.plist; sourceTree = "<group>"; };
		92F411E623B4BA2000069FF0 /* CleanarchTests.xctest */ = {isa = PBXFileReference; explicitFileType = wrapper.cfbundle; includeInIndex = 0; path = CleanarchTests.xctest; sourceTree = BUILT_PRODUCTS_DIR; };
		92F411EA23B4BA2000069FF0 /* CleanarchTests.swift */ = {isa = PBXFileReference; lastKnownFileType = sourcecode.swift; path = CleanarchTests.swift; sourceTree = "<group>"; };
		92F411EC23B4BA2000069FF0 /* Info.plist */ = {isa = PBXFileReference; lastKnownFileType = text.plist.xml; path = Info.plist; sourceTree = "<group>"; };
		92F411F623B4BB8D00069FF0 /* Post.swift */ = {isa = PBXFileReference; lastKnownFileType = sourcecode.swift; path = Post.swift; sourceTree = "<group>"; };
		92F411FC23B4BC2700069FF0 /* ShowPostsUseCase.swift */ = {isa = PBXFileReference; lastKnownFileType = sourcecode.swift; path = ShowPostsUseCase.swift; sourceTree = "<group>"; };
		92F411FF23B4BDFD00069FF0 /* PostService.swift */ = {isa = PBXFileReference; lastKnownFileType = sourcecode.swift; path = PostService.swift; sourceTree = "<group>"; };
		92F4120223B4C00600069FF0 /* Observable.swift */ = {isa = PBXFileReference; lastKnownFileType = sourcecode.swift; path = Observable.swift; sourceTree = "<group>"; };
		92F4120623B4C06E00069FF0 /* ShowPostUseCase.swift */ = {isa = PBXFileReference; lastKnownFileType = sourcecode.swift; path = ShowPostUseCase.swift; sourceTree = "<group>"; };
		92F4120923B4C17100069FF0 /* PostsViewModel.swift */ = {isa = PBXFileReference; lastKnownFileType = sourcecode.swift; path = PostsViewModel.swift; sourceTree = "<group>"; };
/* End PBXFileReference section */

/* Begin PBXFrameworksBuildPhase section */
		92F411CD23B4BA1F00069FF0 /* Frameworks */ = {
			isa = PBXFrameworksBuildPhase;
			buildActionMask = 2147483647;
			files = (
				927D65EF23B90770005C939F /* CleanarchUIComponents.framework in Frameworks */,
			);
			runOnlyForDeploymentPostprocessing = 0;
		};
		92F411E323B4BA2000069FF0 /* Frameworks */ = {
			isa = PBXFrameworksBuildPhase;
			buildActionMask = 2147483647;
			files = (
			);
			runOnlyForDeploymentPostprocessing = 0;
		};
/* End PBXFrameworksBuildPhase section */

/* Begin PBXGroup section */
		923CFF8D23B5AC4D0015C63B /* Post Detail */ = {
			isa = PBXGroup;
			children = (
				923CFF9023B5AE270015C63B /* PostDetailViewModel.swift */,
				923CFF8E23B5ADB10015C63B /* PostDetailViewController.swift */,
			);
			path = "Post Detail";
			sourceTree = "<group>";
		};
		9273F53F23C08454005059EF /* UseCaseImplementations */ = {
			isa = PBXGroup;
			children = (
				9273F54223C08484005059EF /* ShowPostsUseCaseImpl.swift */,
				9273F54423C084B7005059EF /* ShowPostUseCaseImpl.swift */,
				9273F54623C084CA005059EF /* ShowCommentsUseCaseImpl.swift */,
			);
			path = UseCaseImplementations;
			sourceTree = "<group>";
		};
		927D65E523B9075C005C939F /* Products */ = {
			isa = PBXGroup;
			children = (
				927D65EA23B9075C005C939F /* CleanarchUIComponents.framework */,
				927D65EC23B9075C005C939F /* CleanarchUIComponentsTests.xctest */,
			);
			name = Products;
			sourceTree = "<group>";
		};
		927D65ED23B90770005C939F /* Frameworks */ = {
			isa = PBXGroup;
			children = (
				927D65EE23B90770005C939F /* CleanarchUIComponents.framework */,
			);
			name = Frameworks;
			sourceTree = "<group>";
		};
		929319A523B4CEF700DFBD27 /* CoreDelegates */ = {
			isa = PBXGroup;
			children = (
				92F411D323B4BA1F00069FF0 /* AppDelegate.swift */,
				92F411D523B4BA1F00069FF0 /* SceneDelegate.swift */,
			);
			path = CoreDelegates;
			sourceTree = "<group>";
		};
		92F18D0423B4C62D005893C7 /* Services */ = {
			isa = PBXGroup;
			children = (
				92F411FF23B4BDFD00069FF0 /* PostService.swift */,
				92B925F023B8D19F006B27DF /* CommentService.swift */,
			);
			path = Services;
			sourceTree = "<group>";
		};
		92F18D0523B4C638005893C7 /* Repositories */ = {
			isa = PBXGroup;
			children = (
				92F18D0223B4C613005893C7 /* PostRepository.swift */,
				92B925EE23B8D0CE006B27DF /* CommentRepository.swift */,
			);
			path = Repositories;
			sourceTree = "<group>";
		};
		92F411C723B4BA1F00069FF0 = {
			isa = PBXGroup;
			children = (
				927D65E423B9075C005C939F /* CleanarchUIComponents.xcodeproj */,
				92F411D223B4BA1F00069FF0 /* Cleanarch */,
				92F411E923B4BA2000069FF0 /* CleanarchTests */,
				92F411D123B4BA1F00069FF0 /* Products */,
				927D65ED23B90770005C939F /* Frameworks */,
			);
			sourceTree = "<group>";
		};
		92F411D123B4BA1F00069FF0 /* Products */ = {
			isa = PBXGroup;
			children = (
				92F411D023B4BA1F00069FF0 /* Cleanarch.app */,
				92F411E623B4BA2000069FF0 /* CleanarchTests.xctest */,
			);
			name = Products;
			sourceTree = "<group>";
		};
		92F411D223B4BA1F00069FF0 /* Cleanarch */ = {
			isa = PBXGroup;
			children = (
				92F4120123B4BFF900069FF0 /* Helpers */,
				92F411F523B4BB7C00069FF0 /* Domain */,
				92F411FE23B4BDF100069FF0 /* Platform */,
				92F4120823B4C14000069FF0 /* Application */,
				92F411E123B4BA1F00069FF0 /* Info.plist */,
			);
			path = Cleanarch;
			sourceTree = "<group>";
		};
		92F411E923B4BA2000069FF0 /* CleanarchTests */ = {
			isa = PBXGroup;
			children = (
				92F411EA23B4BA2000069FF0 /* CleanarchTests.swift */,
				92F411EC23B4BA2000069FF0 /* Info.plist */,
			);
			path = CleanarchTests;
			sourceTree = "<group>";
		};
		92F411F523B4BB7C00069FF0 /* Domain */ = {
			isa = PBXGroup;
			children = (
				92F411FA23B4BBF500069FF0 /* Entities */,
				92F411FB23B4BC0500069FF0 /* UseCases */,
			);
			path = Domain;
			sourceTree = "<group>";
		};
		92F411FA23B4BBF500069FF0 /* Entities */ = {
			isa = PBXGroup;
			children = (
				92F411F623B4BB8D00069FF0 /* Post.swift */,
				92B925EA23B8CF1C006B27DF /* Comment.swift */,
			);
			path = Entities;
			sourceTree = "<group>";
		};
		92F411FB23B4BC0500069FF0 /* UseCases */ = {
			isa = PBXGroup;
			children = (
				92F411FC23B4BC2700069FF0 /* ShowPostsUseCase.swift */,
				92F4120623B4C06E00069FF0 /* ShowPostUseCase.swift */,
				92B925EC23B8CF83006B27DF /* ShowCommentsUseCase.swift */,
			);
			path = UseCases;
			sourceTree = "<group>";
		};
		92F411FE23B4BDF100069FF0 /* Platform */ = {
			isa = PBXGroup;
			children = (
				9273F53F23C08454005059EF /* UseCaseImplementations */,
				92F18D0423B4C62D005893C7 /* Services */,
				92F18D0523B4C638005893C7 /* Repositories */,
			);
			path = Platform;
			sourceTree = "<group>";
		};
		92F4120123B4BFF900069FF0 /* Helpers */ = {
			isa = PBXGroup;
			children = (
				92BFE45623B5F07E00ACDF38 /* JSON.swift */,
				92F4120223B4C00600069FF0 /* Observable.swift */,
			);
			path = Helpers;
			sourceTree = "<group>";
		};
		92F4120823B4C14000069FF0 /* Application */ = {
			isa = PBXGroup;
			children = (
				92F4120B23B4C17700069FF0 /* Posts */,
				923CFF8D23B5AC4D0015C63B /* Post Detail */,
				92F411D923B4BA1F00069FF0 /* Main.storyboard */,
				929319A523B4CEF700DFBD27 /* CoreDelegates */,
				92F411DC23B4BA1F00069FF0 /* Assets.xcassets */,
				92F411DE23B4BA1F00069FF0 /* LaunchScreen.storyboard */,
			);
			path = Application;
			sourceTree = "<group>";
		};
		92F4120B23B4C17700069FF0 /* Posts */ = {
			isa = PBXGroup;
			children = (
				92F4120923B4C17100069FF0 /* PostsViewModel.swift */,
				929319A323B4CB5100DFBD27 /* PostsViewController.swift */,
			);
			path = Posts;
			sourceTree = "<group>";
		};
/* End PBXGroup section */

/* Begin PBXNativeTarget section */
		92F411CF23B4BA1F00069FF0 /* Cleanarch */ = {
			isa = PBXNativeTarget;
			buildConfigurationList = 92F411EF23B4BA2000069FF0 /* Build configuration list for PBXNativeTarget "Cleanarch" */;
			buildPhases = (
				92F411CC23B4BA1F00069FF0 /* Sources */,
				92F411CD23B4BA1F00069FF0 /* Frameworks */,
				92F411CE23B4BA1F00069FF0 /* Resources */,
				927D65F123B90770005C939F /* Embed Frameworks */,
			);
			buildRules = (
			);
			dependencies = (
			);
			name = Cleanarch;
			productName = Cleanarch;
			productReference = 92F411D023B4BA1F00069FF0 /* Cleanarch.app */;
			productType = "com.apple.product-type.application";
		};
		92F411E523B4BA2000069FF0 /* CleanarchTests */ = {
			isa = PBXNativeTarget;
			buildConfigurationList = 92F411F223B4BA2000069FF0 /* Build configuration list for PBXNativeTarget "CleanarchTests" */;
			buildPhases = (
				92F411E223B4BA2000069FF0 /* Sources */,
				92F411E323B4BA2000069FF0 /* Frameworks */,
				92F411E423B4BA2000069FF0 /* Resources */,
			);
			buildRules = (
			);
			dependencies = (
				92F411E823B4BA2000069FF0 /* PBXTargetDependency */,
			);
			name = CleanarchTests;
			productName = CleanarchTests;
			productReference = 92F411E623B4BA2000069FF0 /* CleanarchTests.xctest */;
			productType = "com.apple.product-type.bundle.unit-test";
		};
/* End PBXNativeTarget section */

/* Begin PBXProject section */
		92F411C823B4BA1F00069FF0 /* Project object */ = {
			isa = PBXProject;
			attributes = {
				LastSwiftUpdateCheck = 1100;
				LastUpgradeCheck = 1100;
				ORGANIZATIONNAME = arifinfrds;
				TargetAttributes = {
					92F411CF23B4BA1F00069FF0 = {
						CreatedOnToolsVersion = 11.0;
					};
					92F411E523B4BA2000069FF0 = {
						CreatedOnToolsVersion = 11.0;
						TestTargetID = 92F411CF23B4BA1F00069FF0;
					};
				};
			};
			buildConfigurationList = 92F411CB23B4BA1F00069FF0 /* Build configuration list for PBXProject "Cleanarch" */;
			compatibilityVersion = "Xcode 9.3";
			developmentRegion = en;
			hasScannedForEncodings = 0;
			knownRegions = (
				en,
				Base,
			);
			mainGroup = 92F411C723B4BA1F00069FF0;
			productRefGroup = 92F411D123B4BA1F00069FF0 /* Products */;
			projectDirPath = "";
			projectReferences = (
				{
					ProductGroup = 927D65E523B9075C005C939F /* Products */;
					ProjectRef = 927D65E423B9075C005C939F /* CleanarchUIComponents.xcodeproj */;
				},
			);
			projectRoot = "";
			targets = (
				92F411CF23B4BA1F00069FF0 /* Cleanarch */,
				92F411E523B4BA2000069FF0 /* CleanarchTests */,
			);
		};
/* End PBXProject section */

/* Begin PBXReferenceProxy section */
		927D65EA23B9075C005C939F /* CleanarchUIComponents.framework */ = {
			isa = PBXReferenceProxy;
			fileType = wrapper.framework;
			path = CleanarchUIComponents.framework;
			remoteRef = 927D65E923B9075C005C939F /* PBXContainerItemProxy */;
			sourceTree = BUILT_PRODUCTS_DIR;
		};
		927D65EC23B9075C005C939F /* CleanarchUIComponentsTests.xctest */ = {
			isa = PBXReferenceProxy;
			fileType = wrapper.cfbundle;
			path = CleanarchUIComponentsTests.xctest;
			remoteRef = 927D65EB23B9075C005C939F /* PBXContainerItemProxy */;
			sourceTree = BUILT_PRODUCTS_DIR;
		};
/* End PBXReferenceProxy section */

/* Begin PBXResourcesBuildPhase section */
		92F411CE23B4BA1F00069FF0 /* Resources */ = {
			isa = PBXResourcesBuildPhase;
			buildActionMask = 2147483647;
			files = (
				9220B6E123B5D70300578465 /* Main.storyboard in Resources */,
				92F411E023B4BA1F00069FF0 /* LaunchScreen.storyboard in Resources */,
				92F411DD23B4BA1F00069FF0 /* Assets.xcassets in Resources */,
			);
			runOnlyForDeploymentPostprocessing = 0;
		};
		92F411E423B4BA2000069FF0 /* Resources */ = {
			isa = PBXResourcesBuildPhase;
			buildActionMask = 2147483647;
			files = (
			);
			runOnlyForDeploymentPostprocessing = 0;
		};
/* End PBXResourcesBuildPhase section */

/* Begin PBXSourcesBuildPhase section */
		92F411CC23B4BA1F00069FF0 /* Sources */ = {
			isa = PBXSourcesBuildPhase;
			buildActionMask = 2147483647;
			files = (
				92F4120323B4C00600069FF0 /* Observable.swift in Sources */,
				92F18D0323B4C613005893C7 /* PostRepository.swift in Sources */,
				9273F54323C08484005059EF /* ShowPostsUseCaseImpl.swift in Sources */,
				92B925ED23B8CF83006B27DF /* ShowCommentsUseCase.swift in Sources */,
				92F411D423B4BA1F00069FF0 /* AppDelegate.swift in Sources */,
				92F4120023B4BDFD00069FF0 /* PostService.swift in Sources */,
				9273F54723C084CA005059EF /* ShowCommentsUseCaseImpl.swift in Sources */,
				9220B6E023B5D6FD00578465 /* PostDetailViewController.swift in Sources */,
				92BFE45723B5F07E00ACDF38 /* JSON.swift in Sources */,
				92F411D623B4BA1F00069FF0 /* SceneDelegate.swift in Sources */,
				9220B6DF23B5D6FD00578465 /* PostDetailViewModel.swift in Sources */,
				92B925EF23B8D0CE006B27DF /* CommentRepository.swift in Sources */,
				9273F54523C084B7005059EF /* ShowPostUseCaseImpl.swift in Sources */,
				9220B6DE23B5D6F800578465 /* PostsViewController.swift in Sources */,
				92B925EB23B8CF1C006B27DF /* Comment.swift in Sources */,
				92F4120723B4C06E00069FF0 /* ShowPostUseCase.swift in Sources */,
				9220B6DD23B5D6F500578465 /* PostsViewModel.swift in Sources */,
				92F411FD23B4BC2700069FF0 /* ShowPostsUseCase.swift in Sources */,
				92B925F123B8D19F006B27DF /* CommentService.swift in Sources */,
				92F411F723B4BB8D00069FF0 /* Post.swift in Sources */,
			);
			runOnlyForDeploymentPostprocessing = 0;
		};
		92F411E223B4BA2000069FF0 /* Sources */ = {
			isa = PBXSourcesBuildPhase;
			buildActionMask = 2147483647;
			files = (
				92F411EB23B4BA2000069FF0 /* CleanarchTests.swift in Sources */,
			);
			runOnlyForDeploymentPostprocessing = 0;
		};
/* End PBXSourcesBuildPhase section */

/* Begin PBXTargetDependency section */
		92F411E823B4BA2000069FF0 /* PBXTargetDependency */ = {
			isa = PBXTargetDependency;
			target = 92F411CF23B4BA1F00069FF0 /* Cleanarch */;
			targetProxy = 92F411E723B4BA2000069FF0 /* PBXContainerItemProxy */;
		};
/* End PBXTargetDependency section */

/* Begin PBXVariantGroup section */
		92F411D923B4BA1F00069FF0 /* Main.storyboard */ = {
			isa = PBXVariantGroup;
			children = (
				92F411DA23B4BA1F00069FF0 /* Base */,
			);
			name = Main.storyboard;
			sourceTree = "<group>";
		};
		92F411DE23B4BA1F00069FF0 /* LaunchScreen.storyboard */ = {
			isa = PBXVariantGroup;
			children = (
				92F411DF23B4BA1F00069FF0 /* Base */,
			);
			name = LaunchScreen.storyboard;
			sourceTree = "<group>";
		};
/* End PBXVariantGroup section */

/* Begin XCBuildConfiguration section */
		92F411ED23B4BA2000069FF0 /* Debug */ = {
			isa = XCBuildConfiguration;
			buildSettings = {
				ALWAYS_SEARCH_USER_PATHS = NO;
				CLANG_ANALYZER_NONNULL = YES;
				CLANG_ANALYZER_NUMBER_OBJECT_CONVERSION = YES_AGGRESSIVE;
				CLANG_CXX_LANGUAGE_STANDARD = "gnu++14";
				CLANG_CXX_LIBRARY = "libc++";
				CLANG_ENABLE_MODULES = YES;
				CLANG_ENABLE_OBJC_ARC = YES;
				CLANG_ENABLE_OBJC_WEAK = YES;
				CLANG_WARN_BLOCK_CAPTURE_AUTORELEASING = YES;
				CLANG_WARN_BOOL_CONVERSION = YES;
				CLANG_WARN_COMMA = YES;
				CLANG_WARN_CONSTANT_CONVERSION = YES;
				CLANG_WARN_DEPRECATED_OBJC_IMPLEMENTATIONS = YES;
				CLANG_WARN_DIRECT_OBJC_ISA_USAGE = YES_ERROR;
				CLANG_WARN_DOCUMENTATION_COMMENTS = YES;
				CLANG_WARN_EMPTY_BODY = YES;
				CLANG_WARN_ENUM_CONVERSION = YES;
				CLANG_WARN_INFINITE_RECURSION = YES;
				CLANG_WARN_INT_CONVERSION = YES;
				CLANG_WARN_NON_LITERAL_NULL_CONVERSION = YES;
				CLANG_WARN_OBJC_IMPLICIT_RETAIN_SELF = YES;
				CLANG_WARN_OBJC_LITERAL_CONVERSION = YES;
				CLANG_WARN_OBJC_ROOT_CLASS = YES_ERROR;
				CLANG_WARN_RANGE_LOOP_ANALYSIS = YES;
				CLANG_WARN_STRICT_PROTOTYPES = YES;
				CLANG_WARN_SUSPICIOUS_MOVE = YES;
				CLANG_WARN_UNGUARDED_AVAILABILITY = YES_AGGRESSIVE;
				CLANG_WARN_UNREACHABLE_CODE = YES;
				CLANG_WARN__DUPLICATE_METHOD_MATCH = YES;
				COPY_PHASE_STRIP = NO;
				DEBUG_INFORMATION_FORMAT = dwarf;
				ENABLE_STRICT_OBJC_MSGSEND = YES;
				ENABLE_TESTABILITY = YES;
				GCC_C_LANGUAGE_STANDARD = gnu11;
				GCC_DYNAMIC_NO_PIC = NO;
				GCC_NO_COMMON_BLOCKS = YES;
				GCC_OPTIMIZATION_LEVEL = 0;
				GCC_PREPROCESSOR_DEFINITIONS = (
					"DEBUG=1",
					"$(inherited)",
				);
				GCC_WARN_64_TO_32_BIT_CONVERSION = YES;
				GCC_WARN_ABOUT_RETURN_TYPE = YES_ERROR;
				GCC_WARN_UNDECLARED_SELECTOR = YES;
				GCC_WARN_UNINITIALIZED_AUTOS = YES_AGGRESSIVE;
				GCC_WARN_UNUSED_FUNCTION = YES;
				GCC_WARN_UNUSED_VARIABLE = YES;
				IPHONEOS_DEPLOYMENT_TARGET = 13.0;
				MTL_ENABLE_DEBUG_INFO = INCLUDE_SOURCE;
				MTL_FAST_MATH = YES;
				ONLY_ACTIVE_ARCH = YES;
				SDKROOT = iphoneos;
				SWIFT_ACTIVE_COMPILATION_CONDITIONS = DEBUG;
				SWIFT_OPTIMIZATION_LEVEL = "-Onone";
			};
			name = Debug;
		};
		92F411EE23B4BA2000069FF0 /* Release */ = {
			isa = XCBuildConfiguration;
			buildSettings = {
				ALWAYS_SEARCH_USER_PATHS = NO;
				CLANG_ANALYZER_NONNULL = YES;
				CLANG_ANALYZER_NUMBER_OBJECT_CONVERSION = YES_AGGRESSIVE;
				CLANG_CXX_LANGUAGE_STANDARD = "gnu++14";
				CLANG_CXX_LIBRARY = "libc++";
				CLANG_ENABLE_MODULES = YES;
				CLANG_ENABLE_OBJC_ARC = YES;
				CLANG_ENABLE_OBJC_WEAK = YES;
				CLANG_WARN_BLOCK_CAPTURE_AUTORELEASING = YES;
				CLANG_WARN_BOOL_CONVERSION = YES;
				CLANG_WARN_COMMA = YES;
				CLANG_WARN_CONSTANT_CONVERSION = YES;
				CLANG_WARN_DEPRECATED_OBJC_IMPLEMENTATIONS = YES;
				CLANG_WARN_DIRECT_OBJC_ISA_USAGE = YES_ERROR;
				CLANG_WARN_DOCUMENTATION_COMMENTS = YES;
				CLANG_WARN_EMPTY_BODY = YES;
				CLANG_WARN_ENUM_CONVERSION = YES;
				CLANG_WARN_INFINITE_RECURSION = YES;
				CLANG_WARN_INT_CONVERSION = YES;
				CLANG_WARN_NON_LITERAL_NULL_CONVERSION = YES;
				CLANG_WARN_OBJC_IMPLICIT_RETAIN_SELF = YES;
				CLANG_WARN_OBJC_LITERAL_CONVERSION = YES;
				CLANG_WARN_OBJC_ROOT_CLASS = YES_ERROR;
				CLANG_WARN_RANGE_LOOP_ANALYSIS = YES;
				CLANG_WARN_STRICT_PROTOTYPES = YES;
				CLANG_WARN_SUSPICIOUS_MOVE = YES;
				CLANG_WARN_UNGUARDED_AVAILABILITY = YES_AGGRESSIVE;
				CLANG_WARN_UNREACHABLE_CODE = YES;
				CLANG_WARN__DUPLICATE_METHOD_MATCH = YES;
				COPY_PHASE_STRIP = NO;
				DEBUG_INFORMATION_FORMAT = "dwarf-with-dsym";
				ENABLE_NS_ASSERTIONS = NO;
				ENABLE_STRICT_OBJC_MSGSEND = YES;
				GCC_C_LANGUAGE_STANDARD = gnu11;
				GCC_NO_COMMON_BLOCKS = YES;
				GCC_WARN_64_TO_32_BIT_CONVERSION = YES;
				GCC_WARN_ABOUT_RETURN_TYPE = YES_ERROR;
				GCC_WARN_UNDECLARED_SELECTOR = YES;
				GCC_WARN_UNINITIALIZED_AUTOS = YES_AGGRESSIVE;
				GCC_WARN_UNUSED_FUNCTION = YES;
				GCC_WARN_UNUSED_VARIABLE = YES;
				IPHONEOS_DEPLOYMENT_TARGET = 13.0;
				MTL_ENABLE_DEBUG_INFO = NO;
				MTL_FAST_MATH = YES;
				SDKROOT = iphoneos;
				SWIFT_COMPILATION_MODE = wholemodule;
				SWIFT_OPTIMIZATION_LEVEL = "-O";
				VALIDATE_PRODUCT = YES;
			};
			name = Release;
		};
		92F411F023B4BA2000069FF0 /* Debug */ = {
			isa = XCBuildConfiguration;
			buildSettings = {
				ASSETCATALOG_COMPILER_APPICON_NAME = AppIcon;
				CODE_SIGN_STYLE = Automatic;
				DEVELOPMENT_TEAM = V6T249GHKX;
				INFOPLIST_FILE = Cleanarch/Info.plist;
				IPHONEOS_DEPLOYMENT_TARGET = 13.0;
				LD_RUNPATH_SEARCH_PATHS = (
					"$(inherited)",
					"@executable_path/Frameworks",
				);
				PRODUCT_BUNDLE_IDENTIFIER = io.github.arifnfrds.Cleanarch;
				PRODUCT_NAME = "$(TARGET_NAME)";
				SWIFT_VERSION = 5.0;
				TARGETED_DEVICE_FAMILY = 1;
			};
			name = Debug;
		};
		92F411F123B4BA2000069FF0 /* Release */ = {
			isa = XCBuildConfiguration;
			buildSettings = {
				ASSETCATALOG_COMPILER_APPICON_NAME = AppIcon;
				CODE_SIGN_STYLE = Automatic;
				DEVELOPMENT_TEAM = V6T249GHKX;
				INFOPLIST_FILE = Cleanarch/Info.plist;
				IPHONEOS_DEPLOYMENT_TARGET = 13.0;
				LD_RUNPATH_SEARCH_PATHS = (
					"$(inherited)",
					"@executable_path/Frameworks",
				);
				PRODUCT_BUNDLE_IDENTIFIER = io.github.arifnfrds.Cleanarch;
				PRODUCT_NAME = "$(TARGET_NAME)";
				SWIFT_VERSION = 5.0;
				TARGETED_DEVICE_FAMILY = 1;
			};
			name = Release;
		};
		92F411F323B4BA2000069FF0 /* Debug */ = {
			isa = XCBuildConfiguration;
			buildSettings = {
				ALWAYS_EMBED_SWIFT_STANDARD_LIBRARIES = YES;
				BUNDLE_LOADER = "$(TEST_HOST)";
				CODE_SIGN_STYLE = Automatic;
				DEVELOPMENT_TEAM = V6T249GHKX;
				INFOPLIST_FILE = CleanarchTests/Info.plist;
				IPHONEOS_DEPLOYMENT_TARGET = 13.0;
				LD_RUNPATH_SEARCH_PATHS = (
					"$(inherited)",
					"@executable_path/Frameworks",
					"@loader_path/Frameworks",
				);
				PRODUCT_BUNDLE_IDENTIFIER = io.github.arifnfrds.CleanarchTests;
				PRODUCT_NAME = "$(TARGET_NAME)";
				SWIFT_VERSION = 5.0;
				TARGETED_DEVICE_FAMILY = "1,2";
				TEST_HOST = "$(BUILT_PRODUCTS_DIR)/Cleanarch.app/Cleanarch";
			};
			name = Debug;
		};
		92F411F423B4BA2000069FF0 /* Release */ = {
			isa = XCBuildConfiguration;
			buildSettings = {
				ALWAYS_EMBED_SWIFT_STANDARD_LIBRARIES = YES;
				BUNDLE_LOADER = "$(TEST_HOST)";
				CODE_SIGN_STYLE = Automatic;
				DEVELOPMENT_TEAM = V6T249GHKX;
				INFOPLIST_FILE = CleanarchTests/Info.plist;
				IPHONEOS_DEPLOYMENT_TARGET = 13.0;
				LD_RUNPATH_SEARCH_PATHS = (
					"$(inherited)",
					"@executable_path/Frameworks",
					"@loader_path/Frameworks",
				);
				PRODUCT_BUNDLE_IDENTIFIER = io.github.arifnfrds.CleanarchTests;
				PRODUCT_NAME = "$(TARGET_NAME)";
				SWIFT_VERSION = 5.0;
				TARGETED_DEVICE_FAMILY = "1,2";
				TEST_HOST = "$(BUILT_PRODUCTS_DIR)/Cleanarch.app/Cleanarch";
			};
			name = Release;
		};
/* End XCBuildConfiguration section */

/* Begin XCConfigurationList section */
		92F411CB23B4BA1F00069FF0 /* Build configuration list for PBXProject "Cleanarch" */ = {
			isa = XCConfigurationList;
			buildConfigurations = (
				92F411ED23B4BA2000069FF0 /* Debug */,
				92F411EE23B4BA2000069FF0 /* Release */,
			);
			defaultConfigurationIsVisible = 0;
			defaultConfigurationName = Release;
		};
		92F411EF23B4BA2000069FF0 /* Build configuration list for PBXNativeTarget "Cleanarch" */ = {
			isa = XCConfigurationList;
			buildConfigurations = (
				92F411F023B4BA2000069FF0 /* Debug */,
				92F411F123B4BA2000069FF0 /* Release */,
			);
			defaultConfigurationIsVisible = 0;
			defaultConfigurationName = Release;
		};
		92F411F223B4BA2000069FF0 /* Build configuration list for PBXNativeTarget "CleanarchTests" */ = {
			isa = XCConfigurationList;
			buildConfigurations = (
				92F411F323B4BA2000069FF0 /* Debug */,
				92F411F423B4BA2000069FF0 /* Release */,
			);
			defaultConfigurationIsVisible = 0;
			defaultConfigurationName = Release;
		};
/* End XCConfigurationList section */
	};
	rootObject = 92F411C823B4BA1F00069FF0 /* Project object */;
}
